
Microsoft Visual Studio Solution File, Format Version 12.00
# Visual Studio 15
VisualStudioVersion = 15.0.28307.572
MinimumVisualStudioVersion = 10.0.40219.1
Project("{9A19103F-16F7-4668-BE54-9A1E7A4F7556}") = "News.DataLayer", "News.DataLayer\News.DataLayer.csproj", "{48BAA465-9012-4228-8B03-0386C51D950E}"
EndProject
Project("{9A19103F-16F7-4668-BE54-9A1E7A4F7556}") = "News.Common", "News.Common\News.Common.csproj", "{3BE3AD53-34BC-4CC0-8689-100CF8CC74BA}"
EndProject
Project("{9A19103F-16F7-4668-BE54-9A1E7A4F7556}") = "News.Web", "News.Web\News.Web.csproj", "{CBB5F655-8BED-423E-B8E9-DABB8CCE8EF9}"
EndProject
Project("{9A19103F-16F7-4668-BE54-9A1E7A4F7556}") = "News.Utility", "News.Utility\News.Utility.csproj", "{33EC4EE8-795F-469B-BA71-450D1FA244BE}"
EndProject
Project("{9A19103F-16F7-4668-BE54-9A1E7A4F7556}") = "News.Core", "News.Core\News.Core.csproj", "{B4FB8CB2-CADF-47C4-A89E-C865F3874E4C}"
EndProject
Project("{9A19103F-16F7-4668-BE54-9A1E7A4F7556}") = "News.Test", "News.Test\News.Test.csproj", "{787E973C-6DB1-48BC-941E-83F5C9EDB9ED}"
EndProject
Project("{9A19103F-16F7-4668-BE54-9A1E7A4F7556}") = "News.BusinessLayer", "News.BusinessLayer\News.BusinessLayer.csproj", "{FAED9A82-D2F6-4237-8EA5-403D6F2C37C0}"
EndProject
Global
	GlobalSection(SolutionConfigurationPlatforms) = preSolution
		Debug|Any CPU = Debug|Any CPU
		Release|Any CPU = Release|Any CPU
	EndGlobalSection
	GlobalSection(ProjectConfigurationPlatforms) = postSolution
		{48BAA465-9012-4228-8B03-0386C51D950E}.Debug|Any CPU.ActiveCfg = Debug|Any CPU
		{48BAA465-9012-4228-8B03-0386C51D950E}.Debug|Any CPU.Build.0 = Debug|Any CPU
		{48BAA465-9012-4228-8B03-0386C51D950E}.Release|Any CPU.ActiveCfg = Release|Any CPU
		{48BAA465-9012-4228-8B03-0386C51D950E}.Release|Any CPU.Build.0 = Release|Any CPU
		{3BE3AD53-34BC-4CC0-8689-100CF8CC74BA}.Debug|Any CPU.ActiveCfg = Debug|Any CPU
		{3BE3AD53-34BC-4CC0-8689-100CF8CC74BA}.Debug|Any CPU.Build.0 = Debug|Any CPU
		{3BE3AD53-34BC-4CC0-8689-100CF8CC74BA}.Release|Any CPU.ActiveCfg = Release|Any CPU
		{3BE3AD53-34BC-4CC0-8689-100CF8CC74BA}.Release|Any CPU.Build.0 = Release|Any CPU
		{CBB5F655-8BED-423E-B8E9-DABB8CCE8EF9}.Debug|Any CPU.ActiveCfg = Debug|Any CPU
		{CBB5F655-8BED-423E-B8E9-DABB8CCE8EF9}.Debug|Any CPU.Build.0 = Debug|Any CPU
		{CBB5F655-8BED-423E-B8E9-DABB8CCE8EF9}.Release|Any CPU.ActiveCfg = Release|Any CPU
		{CBB5F655-8BED-423E-B8E9-DABB8CCE8EF9}.Release|Any CPU.Build.0 = Release|Any CPU
		{33EC4EE8-795F-469B-BA71-450D1FA244BE}.Debug|Any CPU.ActiveCfg = Debug|Any CPU
		{33EC4EE8-795F-469B-BA71-450D1FA244BE}.Debug|Any CPU.Build.0 = Debug|Any CPU
		{33EC4EE8-795F-469B-BA71-450D1FA244BE}.Release|Any CPU.ActiveCfg = Release|Any CPU
		{33EC4EE8-795F-469B-BA71-450D1FA244BE}.Release|Any CPU.Build.0 = Release|Any CPU
		{B4FB8CB2-CADF-47C4-A89E-C865F3874E4C}.Debug|Any CPU.ActiveCfg = Debug|Any CPU
		{B4FB8CB2-CADF-47C4-A89E-C865F3874E4C}.Debug|Any CPU.Build.0 = Debug|Any CPU
		{B4FB8CB2-CADF-47C4-A89E-C865F3874E4C}.Release|Any CPU.ActiveCfg = Release|Any CPU
		{B4FB8CB2-CADF-47C4-A89E-C865F3874E4C}.Release|Any CPU.Build.0 = Release|Any CPU
		{787E973C-6DB1-48BC-941E-83F5C9EDB9ED}.Debug|Any CPU.ActiveCfg = Debug|Any CPU
		{787E973C-6DB1-48BC-941E-83F5C9EDB9ED}.Debug|Any CPU.Build.0 = Debug|Any CPU
		{787E973C-6DB1-48BC-941E-83F5C9EDB9ED}.Release|Any CPU.ActiveCfg = Release|Any CPU
		{787E973C-6DB1-48BC-941E-83F5C9EDB9ED}.Release|Any CPU.Build.0 = Release|Any CPU
		{FAED9A82-D2F6-4237-8EA5-403D6F2C37C0}.Debug|Any CPU.ActiveCfg = Debug|Any CPU
		{FAED9A82-D2F6-4237-8EA5-403D6F2C37C0}.Debug|Any CPU.Build.0 = Debug|Any CPU
		{FAED9A82-D2F6-4237-8EA5-403D6F2C37C0}.Release|Any CPU.ActiveCfg = Release|Any CPU
		{FAED9A82-D2F6-4237-8EA5-403D6F2C37C0}.Release|Any CPU.Build.0 = Release|Any CPU
	EndGlobalSection
	GlobalSection(SolutionProperties) = preSolution
		HideSolutionNode = FALSE
	EndGlobalSection
	GlobalSection(ExtensibilityGlobals) = postSolution
		SolutionGuid = {C15E4A26-AECF-4B2D-B1DF-593597934FA5}
	EndGlobalSection
EndGlobal
